
Microsoft Visual Studio Solution File, Format Version 12.00
# Visual Studio Version 17
VisualStudioVersion = 17.6.33829.357
MinimumVisualStudioVersion = 10.0.40219.1
Project("{FAE04EC0-301F-11D3-BF4B-00C04F79EFBC}") = "Daily Quiz", "Daily Quiz.csproj", "{A22A0780-13C6-4310-ADED-53508C6051BD}"
EndProject
Global
	GlobalSection(SolutionConfigurationPlatforms) = preSolution
		Debug|Any CPU = Debug|Any CPU
		Release|Any CPU = Release|Any CPU
	EndGlobalSection
	GlobalSection(ProjectConfigurationPlatforms) = postSolution
		{A22A0780-13C6-4310-ADED-53508C6051BD}.Debug|Any CPU.ActiveCfg = Debug|Any CPU
		{A22A0780-13C6-4310-ADED-53508C6051BD}.Debug|Any CPU.Build.0 = Debug|Any CPU
		{A22A0780-13C6-4310-ADED-53508C6051BD}.Release|Any CPU.ActiveCfg = Release|Any CPU
		{A22A0780-13C6-4310-ADED-53508C6051BD}.Release|Any CPU.Build.0 = Release|Any CPU
	EndGlobalSection
	GlobalSection(SolutionProperties) = preSolution
		HideSolutionNode = FALSE
	EndGlobalSection
	GlobalSection(ExtensibilityGlobals) = postSolution
		SolutionGuid = {16DEFE88-5B9A-43D1-9E4D-006B270D9AD7}
	EndGlobalSection
EndGlobal
